<?xml version="1.0"?>
<Project ToolsVersion="4.0" xmlns="http://schemas.microsoft.com/developer/msbuild/2003">
	<ItemGroup>
		<ClCompile Include="src\ofApp.cpp">
			<Filter>src</Filter>
		</ClCompile>
		<ClCompile Include="src\main.cpp">
			<Filter>src</Filter>
		</ClCompile>
		<ClCompile Include="src\ofApp1.cpp">
			<Filter>src</Filter>
		</ClCompile>
		<ClCompile Include="src\ofApp2.cpp">
			<Filter>src</Filter>
		</ClCompile>
		<ClCompile Include="..\..\..\addons\ofxGui\src\ofxBaseGui.cpp">
			<Filter>addons\ofxGui\src</Filter>
		</ClCompile>
		<ClCompile Include="..\..\..\addons\ofxGui\src\ofxButton.cpp">
			<Filter>addons\ofxGui\src</Filter>
		</ClCompile>
		<ClCompile Include="..\..\..\addons\ofxGui\src\ofxColorPicker.cpp">
			<Filter>addons\ofxGui\src</Filter>
		</ClCompile>
		<ClCompile Include="..\..\..\addons\ofxGui\src\ofxGuiGroup.cpp">
			<Filter>addons\ofxGui\src</Filter>
		</ClCompile>
		<ClCompile Include="..\..\..\addons\ofxGui\src\ofxInputField.cpp">
			<Filter>addons\ofxGui\src</Filter>
		</ClCompile>
		<ClCompile Include="..\..\..\addons\ofxGui\src\ofxLabel.cpp">
			<Filter>addons\ofxGui\src</Filter>
		</ClCompile>
		<ClCompile Include="..\..\..\addons\ofxGui\src\ofxPanel.cpp">
			<Filter>addons\ofxGui\src</Filter>
		</ClCompile>
		<ClCompile Include="..\..\..\addons\ofxGui\src\ofxSlider.cpp">
			<Filter>addons\ofxGui\src</Filter>
		</ClCompile>
		<ClCompile Include="..\..\..\addons\ofxGui\src\ofxSliderGroup.cpp">
			<Filter>addons\ofxGui\src</Filter>
		</ClCompile>
		<ClCompile Include="..\..\..\addons\ofxGui\src\ofxToggle.cpp">
			<Filter>addons\ofxGui\src</Filter>
		</ClCompile>
		<ClCompile Include="..\..\..\addons\ofxWarp\src\ofxWarp\Controller.cpp">
			<Filter>addons\ofxWarp\src\ofxWarp</Filter>
		</ClCompile>
		<ClCompile Include="..\..\..\addons\ofxWarp\src\ofxWarp\WarpBase.cpp">
			<Filter>addons\ofxWarp\src\ofxWarp</Filter>
		</ClCompile>
		<ClCompile Include="..\..\..\addons\ofxWarp\src\ofxWarp\WarpBilinear.cpp">
			<Filter>addons\ofxWarp\src\ofxWarp</Filter>
		</ClCompile>
		<ClCompile Include="..\..\..\addons\ofxWarp\src\ofxWarp\WarpPerspective.cpp">
			<Filter>addons\ofxWarp\src\ofxWarp</Filter>
		</ClCompile>
		<ClCompile Include="..\..\..\addons\ofxWarp\src\ofxWarp\WarpPerspectiveBilinear.cpp">
			<Filter>addons\ofxWarp\src\ofxWarp</Filter>
		</ClCompile>
	</ItemGroup>
	<ItemGroup>
		<Filter Include="src">
			<UniqueIdentifier>{d8376475-7454-4a24-b08a-aac121d3ad6f}</UniqueIdentifier>
		</Filter>
		<Filter Include="addons">
			<UniqueIdentifier>{41C1EBA9--4BB-1-45-04-B-994-BFF19C0966A5}</UniqueIdentifier>
		</Filter>
		<Filter Include="addons\ofxGui">
			<UniqueIdentifier>{9B2B92A7--18C-7-45-6C-9-B5A-097F92397213}</UniqueIdentifier>
		</Filter>
		<Filter Include="addons\ofxGui\src">
			<UniqueIdentifier>{231CB315--300-9-42-63-A-764-D51FA206C02A}</UniqueIdentifier>
		</Filter>
		<Filter Include="addons\ofxWarp">
			<UniqueIdentifier>{BFE544C9--069-0-45-08-B-7C5-B8FD7D944C3E}</UniqueIdentifier>
		</Filter>
		<Filter Include="addons\ofxWarp\src">
			<UniqueIdentifier>{7E5ED7CF--F6E-F-42-B2-8-2CB-38453E21DA8E}</UniqueIdentifier>
		</Filter>
		<Filter Include="addons\ofxWarp\src\ofxWarp">
			<UniqueIdentifier>{B0C6B6BD--680-0-4E-80-8-5A7-860D3FED3B39}</UniqueIdentifier>
		</Filter>
	</ItemGroup>
	<ItemGroup>
		<ClInclude Include="src\ofApp.h">
			<Filter>src</Filter>
		</ClInclude>
		<ClInclude Include="src\ofApp1.h">
			<Filter>src</Filter>
		</ClInclude>
		<ClInclude Include="src\ofApp2.h">
			<Filter>src</Filter>
		</ClInclude>
		<ClInclude Include="..\..\..\addons\ofxGui\src\ofxBaseGui.h">
			<Filter>addons\ofxGui\src</Filter>
		</ClInclude>
		<ClInclude Include="..\..\..\addons\ofxGui\src\ofxButton.h">
			<Filter>addons\ofxGui\src</Filter>
		</ClInclude>
		<ClInclude Include="..\..\..\addons\ofxGui\src\ofxColorPicker.h">
			<Filter>addons\ofxGui\src</Filter>
		</ClInclude>
		<ClInclude Include="..\..\..\addons\ofxGui\src\ofxGui.h">
			<Filter>addons\ofxGui\src</Filter>
		</ClInclude>
		<ClInclude Include="..\..\..\addons\ofxGui\src\ofxGuiGroup.h">
			<Filter>addons\ofxGui\src</Filter>
		</ClInclude>
		<ClInclude Include="..\..\..\addons\ofxGui\src\ofxGuiUtils.h">
			<Filter>addons\ofxGui\src</Filter>
		</ClInclude>
		<ClInclude Include="..\..\..\addons\ofxGui\src\ofxInputField.h">
			<Filter>addons\ofxGui\src</Filter>
		</ClInclude>
		<ClInclude Include="..\..\..\addons\ofxGui\src\ofxLabel.h">
			<Filter>addons\ofxGui\src</Filter>
		</ClInclude>
		<ClInclude Include="..\..\..\addons\ofxGui\src\ofxPanel.h">
			<Filter>addons\ofxGui\src</Filter>
		</ClInclude>
		<ClInclude Include="..\..\..\addons\ofxGui\src\ofxSlider.h">
			<Filter>addons\ofxGui\src</Filter>
		</ClInclude>
		<ClInclude Include="..\..\..\addons\ofxGui\src\ofxSliderGroup.h">
			<Filter>addons\ofxGui\src</Filter>
		</ClInclude>
		<ClInclude Include="..\..\..\addons\ofxGui\src\ofxToggle.h">
			<Filter>addons\ofxGui\src</Filter>
		</ClInclude>
		<ClInclude Include="..\..\..\addons\ofxWarp\src\ofxWarp\Controller.h">
			<Filter>addons\ofxWarp\src\ofxWarp</Filter>
		</ClInclude>
		<ClInclude Include="..\..\..\addons\ofxWarp\src\ofxWarp\WarpBase.h">
			<Filter>addons\ofxWarp\src\ofxWarp</Filter>
		</ClInclude>
		<ClInclude Include="..\..\..\addons\ofxWarp\src\ofxWarp\WarpBilinear.h">
			<Filter>addons\ofxWarp\src\ofxWarp</Filter>
		</ClInclude>
		<ClInclude Include="..\..\..\addons\ofxWarp\src\ofxWarp\WarpPerspective.h">
			<Filter>addons\ofxWarp\src\ofxWarp</Filter>
		</ClInclude>
		<ClInclude Include="..\..\..\addons\ofxWarp\src\ofxWarp\WarpPerspectiveBilinear.h">
			<Filter>addons\ofxWarp\src\ofxWarp</Filter>
		</ClInclude>
		<ClInclude Include="..\..\..\addons\ofxWarp\src\ofxWarp.h">
			<Filter>addons\ofxWarp\src</Filter>
		</ClInclude>
	</ItemGroup>
	<ItemGroup>
		<ResourceCompile Include="icon.rc" />
	</ItemGroup>
</Project>
